
Microsoft Visual Studio Solution File, Format Version 12.00
# Visual Studio Version 17
VisualStudioVersion = 17.0.32112.339
MinimumVisualStudioVersion = 10.0.40219.1
Project("{FAE04EC0-301F-11D3-BF4B-00C04F79EFBC}") = "SampleDotnet.Api", "SampleDotnet.Api\SampleDotnet.Api.csproj", "{CDF380EF-06A8-466D-BA94-59CB77F29B7F}"
EndProject
Project("{FAE04EC0-301F-11D3-BF4B-00C04F79EFBC}") = "SampleDotnet.Application", "SampleDotnet.Application\SampleDotnet.Application.csproj", "{D5943963-19AF-4817-B723-744484D74637}"
EndProject
Project("{FAE04EC0-301F-11D3-BF4B-00C04F79EFBC}") = "SampleDotnet.Infrastructure", "SampleDotnet.Infrastructure\SampleDotnet.Infrastructure.csproj", "{0D7BF98F-297F-4A76-B453-A6CDCADB526C}"
EndProject
Project("{FAE04EC0-301F-11D3-BF4B-00C04F79EFBC}") = "SampleDotnet.Domain", "SampleDotnet.Domain\SampleDotnet.Domain.csproj", "{589BEB01-696D-403B-90B9-3E6BD6665C99}"
EndProject
Project("{FAE04EC0-301F-11D3-BF4B-00C04F79EFBC}") = "SampleDotnet.Tests", "SampleDotnet.Tests\SampleDotnet.Tests.csproj", "{1B6F0593-3960-42F8-BE1C-0DDF367E7A6C}"
EndProject
Global
	GlobalSection(SolutionConfigurationPlatforms) = preSolution
		Debug|Any CPU = Debug|Any CPU
		Release|Any CPU = Release|Any CPU
	EndGlobalSection
	GlobalSection(ProjectConfigurationPlatforms) = postSolution
		{CDF380EF-06A8-466D-BA94-59CB77F29B7F}.Debug|Any CPU.ActiveCfg = Debug|Any CPU
		{CDF380EF-06A8-466D-BA94-59CB77F29B7F}.Debug|Any CPU.Build.0 = Debug|Any CPU
		{CDF380EF-06A8-466D-BA94-59CB77F29B7F}.Release|Any CPU.ActiveCfg = Release|Any CPU
		{CDF380EF-06A8-466D-BA94-59CB77F29B7F}.Release|Any CPU.Build.0 = Release|Any CPU
		{D5943963-19AF-4817-B723-744484D74637}.Debug|Any CPU.ActiveCfg = Debug|Any CPU
		{D5943963-19AF-4817-B723-744484D74637}.Debug|Any CPU.Build.0 = Debug|Any CPU
		{D5943963-19AF-4817-B723-744484D74637}.Release|Any CPU.ActiveCfg = Release|Any CPU
		{D5943963-19AF-4817-B723-744484D74637}.Release|Any CPU.Build.0 = Release|Any CPU
		{0D7BF98F-297F-4A76-B453-A6CDCADB526C}.Debug|Any CPU.ActiveCfg = Debug|Any CPU
		{0D7BF98F-297F-4A76-B453-A6CDCADB526C}.Debug|Any CPU.Build.0 = Debug|Any CPU
		{0D7BF98F-297F-4A76-B453-A6CDCADB526C}.Release|Any CPU.ActiveCfg = Release|Any CPU
		{0D7BF98F-297F-4A76-B453-A6CDCADB526C}.Release|Any CPU.Build.0 = Release|Any CPU
		{589BEB01-696D-403B-90B9-3E6BD6665C99}.Debug|Any CPU.ActiveCfg = Debug|Any CPU
		{589BEB01-696D-403B-90B9-3E6BD6665C99}.Debug|Any CPU.Build.0 = Debug|Any CPU
		{589BEB01-696D-403B-90B9-3E6BD6665C99}.Release|Any CPU.ActiveCfg = Release|Any CPU
		{589BEB01-696D-403B-90B9-3E6BD6665C99}.Release|Any CPU.Build.0 = Release|Any CPU
		{1B6F0593-3960-42F8-BE1C-0DDF367E7A6C}.Debug|Any CPU.ActiveCfg = Debug|Any CPU
		{1B6F0593-3960-42F8-BE1C-0DDF367E7A6C}.Debug|Any CPU.Build.0 = Debug|Any CPU
		{1B6F0593-3960-42F8-BE1C-0DDF367E7A6C}.Release|Any CPU.ActiveCfg = Release|Any CPU
		{1B6F0593-3960-42F8-BE1C-0DDF367E7A6C}.Release|Any CPU.Build.0 = Release|Any CPU
	EndGlobalSection
	GlobalSection(SolutionProperties) = preSolution
		HideSolutionNode = FALSE
	EndGlobalSection
	GlobalSection(ExtensibilityGlobals) = postSolution
		SolutionGuid = {5130FA2A-B1D8-427A-8ECD-445BB7AED013}
	EndGlobalSection
EndGlobal
